# This file is automatically @generated by Cargo.
# It is not intended for manual editing.
version = 4

[[package]]
name = "dasmeter-analysis"
version = "0.1.0"

[[package]]
name = "dasmeter-app"
version = "0.1.0"
dependencies = [
 "dasmeter-analysis",
 "dasmeter-core",
 "dasmeter-transport",
]

[[package]]
name = "dasmeter-core"
version = "0.1.0"

[[package]]
name = "dasmeter-send"
version = "0.1.0"
dependencies = [
 "dasmeter-transport",
]

[[package]]
name = "dasmeter-transport"
version = "0.1.0"
